
Microsoft Visual Studio Solution File, Format Version 12.00
# Visual Studio 15
VisualStudioVersion = 15.0.27703.2000
MinimumVisualStudioVersion = 10.0.40219.1
Project("{FAE04EC0-301F-11D3-BF4B-00C04F79EFBC}") = "exercise3", "exercise3\exercise3.csproj", "{4729710B-94D9-402C-98A2-AC5E8A60E683}"
EndProject
Global
	GlobalSection(SolutionConfigurationPlatforms) = preSolution
		Debug|Any CPU = Debug|Any CPU
		Release|Any CPU = Release|Any CPU
	EndGlobalSection
	GlobalSection(ProjectConfigurationPlatforms) = postSolution
		{4729710B-94D9-402C-98A2-AC5E8A60E683}.Debug|Any CPU.ActiveCfg = Debug|Any CPU
		{4729710B-94D9-402C-98A2-AC5E8A60E683}.Debug|Any CPU.Build.0 = Debug|Any CPU
		{4729710B-94D9-402C-98A2-AC5E8A60E683}.Release|Any CPU.ActiveCfg = Release|Any CPU
		{4729710B-94D9-402C-98A2-AC5E8A60E683}.Release|Any CPU.Build.0 = Release|Any CPU
	EndGlobalSection
	GlobalSection(SolutionProperties) = preSolution
		HideSolutionNode = FALSE
	EndGlobalSection
	GlobalSection(ExtensibilityGlobals) = postSolution
		SolutionGuid = {36C322CE-F781-4BD9-B310-AB40D7D14256}
	EndGlobalSection
EndGlobal
